<?xml version="1.0" encoding="utf-8"?>
<Project ToolsVersion="4.0" xmlns="http://schemas.microsoft.com/developer/msbuild/2003">
  <ItemGroup>
    <Filter Include="Fichiers sources">
      <UniqueIdentifier>{4FC737F1-C7A5-4376-A066-2A32D752A2FF}</UniqueIdentifier>
      <Extensions>cpp;c;cc;cxx;c++;cppm;ixx;def;odl;idl;hpj;bat;asm;asmx</Extensions>
    </Filter>
    <Filter Include="Fichiers d%27en-tête">
      <UniqueIdentifier>{93995380-89BD-4b04-88EB-625FBE52EBFB}</UniqueIdentifier>
      <Extensions>h;hh;hpp;hxx;h++;hm;inl;inc;ipp;xsd</Extensions>
    </Filter>
    <Filter Include="Fichiers de ressources">
      <UniqueIdentifier>{67DA6AB6-F800-4c08-8B7A-83BB121AAD01}</UniqueIdentifier>
      <Extensions>rc;ico;cur;bmp;dlg;rc2;rct;bin;rgs;gif;jpg;jpeg;jpe;resx;tiff;tif;png;wav;mfcribbon-ms</Extensions>
    </Filter>
    <Filter Include="Fichiers sources\Shaders">
      <UniqueIdentifier>{bba0b436-2976-4d7e-9e24-9aa5b8d6e831}</UniqueIdentifier>
    </Filter>
    <Filter Include="Fichiers sources\Tools">
      <UniqueIdentifier>{dab4be82-a287-4beb-ae6b-b3cb9e80efad}</UniqueIdentifier>
    </Filter>
    <Filter Include="Fichiers sources\Engine">
      <UniqueIdentifier>{45796333-7640-46c5-be18-0f6ad1929c64}</UniqueIdentifier>
    </Filter>
    <Filter Include="Fichiers sources\Engine\Renderer">
      <UniqueIdentifier>{f25f9acc-3d70-4acb-847d-322a15e239f1}</UniqueIdentifier>
    </Filter>
    <Filter Include="Fichiers sources\Engine\Renderer\OpenGL">
      <UniqueIdentifier>{e525ace9-c49e-4781-bccb-93b5b9b56edf}</UniqueIdentifier>
    </Filter>
    <Filter Include="Fichiers sources\Engine\Components">
      <UniqueIdentifier>{78fd9ac3-9077-48f6-b726-10fc02230e25}</UniqueIdentifier>
    </Filter>
  </ItemGroup>
  <ItemGroup>
    <ClCompile Include="Sources\main.cpp">
      <Filter>Fichiers sources</Filter>
    </ClCompile>
    <ClCompile Include="Sources\Tools\GLShader.cpp">
      <Filter>Fichiers sources\Tools</Filter>
    </ClCompile>
    <ClCompile Include="Sources\Engine\Renderer\IWindow.cpp">
      <Filter>Fichiers sources\Engine\Renderer</Filter>
    </ClCompile>
    <ClCompile Include="Sources\Engine\Renderer\IRenderer.cpp">
      <Filter>Fichiers sources\Engine\Renderer</Filter>
    </ClCompile>
    <ClCompile Include="Sources\Engine\Renderer\IRenderingEngine.cpp">
      <Filter>Fichiers sources\Engine\Renderer</Filter>
    </ClCompile>
    <ClCompile Include="Sources\Engine\Renderer\RasterizationEngine.cpp">
      <Filter>Fichiers sources\Engine\Renderer</Filter>
    </ClCompile>
    <ClCompile Include="Sources\Engine\Engine.cpp">
      <Filter>Fichiers sources\Engine</Filter>
    </ClCompile>
    <ClCompile Include="Sources\Engine\Renderer\OpenGL\OpenGLCore.cpp">
      <Filter>Fichiers sources\Engine\Renderer\OpenGL</Filter>
    </ClCompile>
    <ClCompile Include="Sources\Engine\Renderer\OpenGL\OpenGLRenderer.cpp">
      <Filter>Fichiers sources\Engine\Renderer\OpenGL</Filter>
    </ClCompile>
    <ClCompile Include="Sources\Engine\Renderer\OpenGL\OpenGLWindow.cpp">
      <Filter>Fichiers sources\Engine\Renderer\OpenGL</Filter>
    </ClCompile>
    <ClCompile Include="Sources\Engine\Components\Camera.cpp">
      <Filter>Fichiers sources\Engine\Components</Filter>
    </ClCompile>
    <ClCompile Include="Sources\Engine\Components\Mesh.cpp">
      <Filter>Fichiers sources\Engine\Components</Filter>
    </ClCompile>
    <ClCompile Include="Sources\Engine\Components\Object.cpp">
      <Filter>Fichiers sources\Engine\Components</Filter>
    </ClCompile>
    <ClCompile Include="Sources\Engine\Components\Scene.cpp">
      <Filter>Fichiers sources\Engine\Components</Filter>
    </ClCompile>
    <ClCompile Include="Sources\Engine\Components\Transform.cpp">
      <Filter>Fichiers sources\Engine\Components</Filter>
    </ClCompile>
    <ClCompile Include="Sources\Engine\Components\IComponent.cpp">
      <Filter>Fichiers sources\Engine\Components</Filter>
    </ClCompile>
    <ClCompile Include="Sources\Engine\Components\IEntity.cpp">
      <Filter>Fichiers sources\Engine\Components</Filter>
    </ClCompile>
    <ClCompile Include="Sources\Engine\Components\Texture.cpp">
      <Filter>Fichiers sources\Engine\Components</Filter>
    </ClCompile>
  </ItemGroup>
  <ItemGroup>
    <ClInclude Include="Includes\GLFW\glfw3.h">
      <Filter>Fichiers d%27en-tête</Filter>
    </ClInclude>
    <ClInclude Include="Includes\GLFW\glfw3native.h">
      <Filter>Fichiers d%27en-tête</Filter>
    </ClInclude>
    <ClInclude Include="Includes\GL\eglew.h">
      <Filter>Fichiers d%27en-tête</Filter>
    </ClInclude>
    <ClInclude Include="Includes\GL\glew.h">
      <Filter>Fichiers d%27en-tête</Filter>
    </ClInclude>
    <ClInclude Include="Includes\GL\glxew.h">
      <Filter>Fichiers d%27en-tête</Filter>
    </ClInclude>
    <ClInclude Include="Includes\GL\wglew.h">
      <Filter>Fichiers d%27en-tête</Filter>
    </ClInclude>
    <ClInclude Include="Sources\Tools\GLShader.hpp">
      <Filter>Fichiers sources\Tools</Filter>
    </ClInclude>
    <ClInclude Include="Sources\Engine\Renderer\IWindow.hpp">
      <Filter>Fichiers sources\Engine\Renderer</Filter>
    </ClInclude>
    <ClInclude Include="Sources\Engine\Renderer\IRenderer.hpp">
      <Filter>Fichiers sources\Engine\Renderer</Filter>
    </ClInclude>
    <ClInclude Include="Sources\Engine\Renderer\IRenderingEngine.hpp">
      <Filter>Fichiers sources\Engine\Renderer</Filter>
    </ClInclude>
    <ClInclude Include="Sources\Engine\Renderer\RasterizationEngine.hpp">
      <Filter>Fichiers sources\Engine\Renderer</Filter>
    </ClInclude>
    <ClInclude Include="Sources\Engine\Engine.hpp">
      <Filter>Fichiers sources\Engine</Filter>
    </ClInclude>
    <ClInclude Include="Sources\Engine\Renderer\OpenGL\OpenGLCore.hpp">
      <Filter>Fichiers sources\Engine\Renderer\OpenGL</Filter>
    </ClInclude>
    <ClInclude Include="Sources\Engine\Renderer\OpenGL\OpenGLRenderer.hpp">
      <Filter>Fichiers sources\Engine\Renderer\OpenGL</Filter>
    </ClInclude>
    <ClInclude Include="Sources\Engine\Renderer\OpenGL\OpenGLWindow.hpp">
      <Filter>Fichiers sources\Engine\Renderer\OpenGL</Filter>
    </ClInclude>
    <ClInclude Include="Sources\Engine\Components\Camera.hpp">
      <Filter>Fichiers sources\Engine\Components</Filter>
    </ClInclude>
    <ClInclude Include="Sources\Tools\Utils.hpp">
      <Filter>Fichiers sources\Tools</Filter>
    </ClInclude>
    <ClInclude Include="Sources\Engine\Renderer\Vertex.hpp">
      <Filter>Fichiers sources\Engine\Renderer</Filter>
    </ClInclude>
    <ClInclude Include="Sources\Engine\Components\Mesh.hpp">
      <Filter>Fichiers sources\Engine\Components</Filter>
    </ClInclude>
    <ClInclude Include="Sources\Engine\Components\Object.hpp">
      <Filter>Fichiers sources\Engine\Components</Filter>
    </ClInclude>
    <ClInclude Include="Sources\Engine\Components\Scene.hpp">
      <Filter>Fichiers sources\Engine\Components</Filter>
    </ClInclude>
    <ClInclude Include="Sources\Engine\Components\Transform.hpp">
      <Filter>Fichiers sources\Engine\Components</Filter>
    </ClInclude>
    <ClInclude Include="Sources\Engine\Components\Vertex.hpp">
      <Filter>Fichiers sources\Engine\Components</Filter>
    </ClInclude>
    <ClInclude Include="Includes\tiny_obj_loader.hpp">
      <Filter>Fichiers d%27en-tête</Filter>
    </ClInclude>
    <ClInclude Include="Includes\stb\stb_image.h">
      <Filter>Fichiers d%27en-tête</Filter>
    </ClInclude>
    <ClInclude Include="Sources\Engine\Components\IComponent.hpp">
      <Filter>Fichiers sources\Engine\Components</Filter>
    </ClInclude>
    <ClInclude Include="Sources\Engine\Components\IEntity.hpp">
      <Filter>Fichiers sources\Engine\Components</Filter>
    </ClInclude>
    <ClInclude Include="Sources\Engine\Components\Texture.hpp">
      <Filter>Fichiers sources\Engine\Components</Filter>
    </ClInclude>
  </ItemGroup>
  <ItemGroup>
    <None Include="Sources\Shaders\fragment.glsl">
      <Filter>Fichiers sources\Shaders</Filter>
    </None>
    <None Include="Sources\Shaders\vertex.glsl">
      <Filter>Fichiers sources\Shaders</Filter>
    </None>
  </ItemGroup>
</Project>